
Microsoft Visual Studio Solution File, Format Version 12.00
# Visual Studio Version 16
VisualStudioVersion = 16.0.34031.81
MinimumVisualStudioVersion = 10.0.40219.1
Project("{FAE04EC0-301F-11D3-BF4B-00C04F79EFBC}") = "UdemyUDPBroadcastSender", "UdemyUDPBroadcastSender.csproj", "{427B00FD-8E0B-499D-A6DE-A236D9FA822B}"
EndProject
Global
	GlobalSection(SolutionConfigurationPlatforms) = preSolution
		Debug|Any CPU = Debug|Any CPU
		Release|Any CPU = Release|Any CPU
	EndGlobalSection
	GlobalSection(ProjectConfigurationPlatforms) = postSolution
		{427B00FD-8E0B-499D-A6DE-A236D9FA822B}.Debug|Any CPU.ActiveCfg = Debug|Any CPU
		{427B00FD-8E0B-499D-A6DE-A236D9FA822B}.Debug|Any CPU.Build.0 = Debug|Any CPU
		{427B00FD-8E0B-499D-A6DE-A236D9FA822B}.Release|Any CPU.ActiveCfg = Release|Any CPU
		{427B00FD-8E0B-499D-A6DE-A236D9FA822B}.Release|Any CPU.Build.0 = Release|Any CPU
	EndGlobalSection
	GlobalSection(SolutionProperties) = preSolution
		HideSolutionNode = FALSE
	EndGlobalSection
	GlobalSection(ExtensibilityGlobals) = postSolution
		SolutionGuid = {B0B42C67-149E-44DA-887B-A14A4CE88A38}
	EndGlobalSection
EndGlobal
