
Microsoft Visual Studio Solution File, Format Version 12.00
# Visual Studio Version 16
VisualStudioVersion = 16.0.34031.81
MinimumVisualStudioVersion = 10.0.40219.1
Project("{FAE04EC0-301F-11D3-BF4B-00C04F79EFBC}") = "UdemyUDPBroadcastReceive", "UdemyUDPBroadcastReceive.csproj", "{74332ED7-DE81-445B-9533-D4287F9B3D24}"
EndProject
Global
	GlobalSection(SolutionConfigurationPlatforms) = preSolution
		Debug|Any CPU = Debug|Any CPU
		Release|Any CPU = Release|Any CPU
	EndGlobalSection
	GlobalSection(ProjectConfigurationPlatforms) = postSolution
		{74332ED7-DE81-445B-9533-D4287F9B3D24}.Debug|Any CPU.ActiveCfg = Debug|Any CPU
		{74332ED7-DE81-445B-9533-D4287F9B3D24}.Debug|Any CPU.Build.0 = Debug|Any CPU
		{74332ED7-DE81-445B-9533-D4287F9B3D24}.Release|Any CPU.ActiveCfg = Release|Any CPU
		{74332ED7-DE81-445B-9533-D4287F9B3D24}.Release|Any CPU.Build.0 = Release|Any CPU
	EndGlobalSection
	GlobalSection(SolutionProperties) = preSolution
		HideSolutionNode = FALSE
	EndGlobalSection
	GlobalSection(ExtensibilityGlobals) = postSolution
		SolutionGuid = {4CE5E6A4-948F-4DE6-A913-E2691112C37E}
	EndGlobalSection
EndGlobal
